
Microsoft Visual Studio Solution File, Format Version 12.00
# Visual Studio Version 17
VisualStudioVersion = 17.8.34309.116
MinimumVisualStudioVersion = 10.0.40219.1
Project("{9A19103F-16F7-4668-BE54-9A1E7A4F7556}") = "KampIntro", "KampIntro\KampIntro.csproj", "{FFBC89CE-92D6-4B7D-AE7C-A7E098F6E6F4}"
EndProject
Project("{9A19103F-16F7-4668-BE54-9A1E7A4F7556}") = "ClassIntro", "ClassIntro\ClassIntro.csproj", "{E0800634-0F3E-45CA-93EE-71F7EF08E597}"
EndProject
Project("{9A19103F-16F7-4668-BE54-9A1E7A4F7556}") = "Metotlar", "Metotlar\Metotlar.csproj", "{F2D11C2C-E982-4731-BED6-1580DE17BEE8}"
EndProject
Project("{FAE04EC0-301F-11D3-BF4B-00C04F79EFBC}") = "Matematik", "Matematik\Matematik.csproj", "{E317EE95-7C0A-4EB0-BD6F-57DC647E3189}"
EndProject
Project("{FAE04EC0-301F-11D3-BF4B-00C04F79EFBC}") = "DegerVeReferansTipler", "DegerVeReferansTipler\DegerVeReferansTipler.csproj", "{6A94932E-338B-4180-B822-B67D6812C33E}"
EndProject
Global
	GlobalSection(SolutionConfigurationPlatforms) = preSolution
		Debug|Any CPU = Debug|Any CPU
		Release|Any CPU = Release|Any CPU
	EndGlobalSection
	GlobalSection(ProjectConfigurationPlatforms) = postSolution
		{FFBC89CE-92D6-4B7D-AE7C-A7E098F6E6F4}.Debug|Any CPU.ActiveCfg = Debug|Any CPU
		{FFBC89CE-92D6-4B7D-AE7C-A7E098F6E6F4}.Debug|Any CPU.Build.0 = Debug|Any CPU
		{FFBC89CE-92D6-4B7D-AE7C-A7E098F6E6F4}.Release|Any CPU.ActiveCfg = Release|Any CPU
		{FFBC89CE-92D6-4B7D-AE7C-A7E098F6E6F4}.Release|Any CPU.Build.0 = Release|Any CPU
		{E0800634-0F3E-45CA-93EE-71F7EF08E597}.Debug|Any CPU.ActiveCfg = Debug|Any CPU
		{E0800634-0F3E-45CA-93EE-71F7EF08E597}.Debug|Any CPU.Build.0 = Debug|Any CPU
		{E0800634-0F3E-45CA-93EE-71F7EF08E597}.Release|Any CPU.ActiveCfg = Release|Any CPU
		{E0800634-0F3E-45CA-93EE-71F7EF08E597}.Release|Any CPU.Build.0 = Release|Any CPU
		{F2D11C2C-E982-4731-BED6-1580DE17BEE8}.Debug|Any CPU.ActiveCfg = Debug|Any CPU
		{F2D11C2C-E982-4731-BED6-1580DE17BEE8}.Debug|Any CPU.Build.0 = Debug|Any CPU
		{F2D11C2C-E982-4731-BED6-1580DE17BEE8}.Release|Any CPU.ActiveCfg = Release|Any CPU
		{F2D11C2C-E982-4731-BED6-1580DE17BEE8}.Release|Any CPU.Build.0 = Release|Any CPU
		{E317EE95-7C0A-4EB0-BD6F-57DC647E3189}.Debug|Any CPU.ActiveCfg = Debug|Any CPU
		{E317EE95-7C0A-4EB0-BD6F-57DC647E3189}.Debug|Any CPU.Build.0 = Debug|Any CPU
		{E317EE95-7C0A-4EB0-BD6F-57DC647E3189}.Release|Any CPU.ActiveCfg = Release|Any CPU
		{E317EE95-7C0A-4EB0-BD6F-57DC647E3189}.Release|Any CPU.Build.0 = Release|Any CPU
		{6A94932E-338B-4180-B822-B67D6812C33E}.Debug|Any CPU.ActiveCfg = Debug|Any CPU
		{6A94932E-338B-4180-B822-B67D6812C33E}.Debug|Any CPU.Build.0 = Debug|Any CPU
		{6A94932E-338B-4180-B822-B67D6812C33E}.Release|Any CPU.ActiveCfg = Release|Any CPU
		{6A94932E-338B-4180-B822-B67D6812C33E}.Release|Any CPU.Build.0 = Release|Any CPU
	EndGlobalSection
	GlobalSection(SolutionProperties) = preSolution
		HideSolutionNode = FALSE
	EndGlobalSection
	GlobalSection(ExtensibilityGlobals) = postSolution
		SolutionGuid = {5C3274EF-0E63-4CD6-9825-C6ACD59C90CB}
	EndGlobalSection
EndGlobal
